
Microsoft Visual Studio Solution File, Format Version 12.00
# Visual Studio Version 16
VisualStudioVersion = 16.0.30114.105
MinimumVisualStudioVersion = 10.0.40219.1
Project("{FAE04EC0-301F-11D3-BF4B-00C04F79EFBC}") = "Gifter", "Gifter\Gifter.csproj", "{F3C02DC3-DF30-498B-9F4A-751F406756AB}"
EndProject
Global
	GlobalSection(SolutionConfigurationPlatforms) = preSolution
		Debug|Any CPU = Debug|Any CPU
		Release|Any CPU = Release|Any CPU
	EndGlobalSection
	GlobalSection(ProjectConfigurationPlatforms) = postSolution
		{F3C02DC3-DF30-498B-9F4A-751F406756AB}.Debug|Any CPU.ActiveCfg = Debug|Any CPU
		{F3C02DC3-DF30-498B-9F4A-751F406756AB}.Debug|Any CPU.Build.0 = Debug|Any CPU
		{F3C02DC3-DF30-498B-9F4A-751F406756AB}.Release|Any CPU.ActiveCfg = Release|Any CPU
		{F3C02DC3-DF30-498B-9F4A-751F406756AB}.Release|Any CPU.Build.0 = Release|Any CPU
	EndGlobalSection
	GlobalSection(SolutionProperties) = preSolution
		HideSolutionNode = FALSE
	EndGlobalSection
	GlobalSection(ExtensibilityGlobals) = postSolution
		SolutionGuid = {CBFBDC8A-45A0-4699-A71E-E9BC2DCB8B38}
	EndGlobalSection
EndGlobal
